
Microsoft Visual Studio Solution File, Format Version 12.00
# Visual Studio Version 17
VisualStudioVersion = 17.6.33815.320
MinimumVisualStudioVersion = 10.0.40219.1
Project("{FAE04EC0-301F-11D3-BF4B-00C04F79EFBC}") = "HabitTracker", "HabitTracker\HabitTracker.csproj", "{BC364615-8635-45CC-8E2C-493A55861C60}"
EndProject
Project("{FAE04EC0-301F-11D3-BF4B-00C04F79EFBC}") = "HabitTracker.Desktop", "HabitTracker.Desktop\HabitTracker.Desktop.csproj", "{82016BCE-FCEE-44B8-A257-4863AA5CEAC7}"
EndProject
Project("{FAE04EC0-301F-11D3-BF4B-00C04F79EFBC}") = "HabitTracker.Browser", "HabitTracker.Browser\HabitTracker.Browser.csproj", "{045687E5-03BB-4E7E-B4CF-207724AB735D}"
EndProject
Global
	GlobalSection(SolutionConfigurationPlatforms) = preSolution
		Debug|Any CPU = Debug|Any CPU
		Release|Any CPU = Release|Any CPU
	EndGlobalSection
	GlobalSection(ProjectConfigurationPlatforms) = postSolution
		{BC364615-8635-45CC-8E2C-493A55861C60}.Debug|Any CPU.ActiveCfg = Debug|Any CPU
		{BC364615-8635-45CC-8E2C-493A55861C60}.Debug|Any CPU.Build.0 = Debug|Any CPU
		{BC364615-8635-45CC-8E2C-493A55861C60}.Release|Any CPU.ActiveCfg = Release|Any CPU
		{BC364615-8635-45CC-8E2C-493A55861C60}.Release|Any CPU.Build.0 = Release|Any CPU
		{82016BCE-FCEE-44B8-A257-4863AA5CEAC7}.Debug|Any CPU.ActiveCfg = Debug|Any CPU
		{82016BCE-FCEE-44B8-A257-4863AA5CEAC7}.Debug|Any CPU.Build.0 = Debug|Any CPU
		{82016BCE-FCEE-44B8-A257-4863AA5CEAC7}.Release|Any CPU.ActiveCfg = Release|Any CPU
		{82016BCE-FCEE-44B8-A257-4863AA5CEAC7}.Release|Any CPU.Build.0 = Release|Any CPU
		{045687E5-03BB-4E7E-B4CF-207724AB735D}.Debug|Any CPU.ActiveCfg = Debug|Any CPU
		{045687E5-03BB-4E7E-B4CF-207724AB735D}.Debug|Any CPU.Build.0 = Debug|Any CPU
		{045687E5-03BB-4E7E-B4CF-207724AB735D}.Release|Any CPU.ActiveCfg = Release|Any CPU
		{045687E5-03BB-4E7E-B4CF-207724AB735D}.Release|Any CPU.Build.0 = Release|Any CPU
	EndGlobalSection
	GlobalSection(SolutionProperties) = preSolution
		HideSolutionNode = FALSE
	EndGlobalSection
	GlobalSection(ExtensibilityGlobals) = postSolution
		SolutionGuid = {015366AB-C47B-422F-9D26-828D8EBC7B50}
	EndGlobalSection
EndGlobal
